
Microsoft Visual Studio Solution File, Format Version 12.00
# Visual Studio Version 16
VisualStudioVersion = 16.0.30611.23
MinimumVisualStudioVersion = 10.0.40219.1
Project("{FAE04EC0-301F-11D3-BF4B-00C04F79EFBC}") = "Calculation.Android", "Calculation\Calculation.Android\Calculation.Android.csproj", "{38470465-C47E-46BA-87F7-E94C8EA67399}"
EndProject
Project("{FAE04EC0-301F-11D3-BF4B-00C04F79EFBC}") = "Calculation.iOS", "Calculation\Calculation.iOS\Calculation.iOS.csproj", "{6038117D-3263-4EDE-BD5A-E2BAE38C54CB}"
EndProject
Project("{FAE04EC0-301F-11D3-BF4B-00C04F79EFBC}") = "Calculation", "Calculation\Calculation\Calculation.csproj", "{DB862097-DEA3-46DF-AC93-669D33E39AFE}"
EndProject
Global
	GlobalSection(SolutionConfigurationPlatforms) = preSolution
		Debug|Any CPU = Debug|Any CPU
		Debug|iPhone = Debug|iPhone
		Debug|iPhoneSimulator = Debug|iPhoneSimulator
		Release|Any CPU = Release|Any CPU
		Release|iPhone = Release|iPhone
		Release|iPhoneSimulator = Release|iPhoneSimulator
	EndGlobalSection
	GlobalSection(ProjectConfigurationPlatforms) = postSolution
		{38470465-C47E-46BA-87F7-E94C8EA67399}.Debug|Any CPU.ActiveCfg = Debug|Any CPU
		{38470465-C47E-46BA-87F7-E94C8EA67399}.Debug|Any CPU.Build.0 = Debug|Any CPU
		{38470465-C47E-46BA-87F7-E94C8EA67399}.Debug|Any CPU.Deploy.0 = Debug|Any CPU
		{38470465-C47E-46BA-87F7-E94C8EA67399}.Debug|iPhone.ActiveCfg = Debug|Any CPU
		{38470465-C47E-46BA-87F7-E94C8EA67399}.Debug|iPhone.Build.0 = Debug|Any CPU
		{38470465-C47E-46BA-87F7-E94C8EA67399}.Debug|iPhone.Deploy.0 = Debug|Any CPU
		{38470465-C47E-46BA-87F7-E94C8EA67399}.Debug|iPhoneSimulator.ActiveCfg = Debug|Any CPU
		{38470465-C47E-46BA-87F7-E94C8EA67399}.Debug|iPhoneSimulator.Build.0 = Debug|Any CPU
		{38470465-C47E-46BA-87F7-E94C8EA67399}.Debug|iPhoneSimulator.Deploy.0 = Debug|Any CPU
		{38470465-C47E-46BA-87F7-E94C8EA67399}.Release|Any CPU.ActiveCfg = Release|Any CPU
		{38470465-C47E-46BA-87F7-E94C8EA67399}.Release|Any CPU.Build.0 = Release|Any CPU
		{38470465-C47E-46BA-87F7-E94C8EA67399}.Release|Any CPU.Deploy.0 = Release|Any CPU
		{38470465-C47E-46BA-87F7-E94C8EA67399}.Release|iPhone.ActiveCfg = Release|Any CPU
		{38470465-C47E-46BA-87F7-E94C8EA67399}.Release|iPhone.Build.0 = Release|Any CPU
		{38470465-C47E-46BA-87F7-E94C8EA67399}.Release|iPhone.Deploy.0 = Release|Any CPU
		{38470465-C47E-46BA-87F7-E94C8EA67399}.Release|iPhoneSimulator.ActiveCfg = Release|Any CPU
		{38470465-C47E-46BA-87F7-E94C8EA67399}.Release|iPhoneSimulator.Build.0 = Release|Any CPU
		{38470465-C47E-46BA-87F7-E94C8EA67399}.Release|iPhoneSimulator.Deploy.0 = Release|Any CPU
		{6038117D-3263-4EDE-BD5A-E2BAE38C54CB}.Debug|Any CPU.ActiveCfg = Debug|iPhone
		{6038117D-3263-4EDE-BD5A-E2BAE38C54CB}.Debug|Any CPU.Build.0 = Debug|iPhone
		{6038117D-3263-4EDE-BD5A-E2BAE38C54CB}.Debug|Any CPU.Deploy.0 = Debug|iPhone
		{6038117D-3263-4EDE-BD5A-E2BAE38C54CB}.Debug|iPhone.ActiveCfg = Debug|iPhone
		{6038117D-3263-4EDE-BD5A-E2BAE38C54CB}.Debug|iPhone.Build.0 = Debug|iPhone
		{6038117D-3263-4EDE-BD5A-E2BAE38C54CB}.Debug|iPhone.Deploy.0 = Debug|iPhone
		{6038117D-3263-4EDE-BD5A-E2BAE38C54CB}.Debug|iPhoneSimulator.ActiveCfg = Debug|iPhoneSimulator
		{6038117D-3263-4EDE-BD5A-E2BAE38C54CB}.Debug|iPhoneSimulator.Build.0 = Debug|iPhoneSimulator
		{6038117D-3263-4EDE-BD5A-E2BAE38C54CB}.Debug|iPhoneSimulator.Deploy.0 = Debug|iPhoneSimulator
		{6038117D-3263-4EDE-BD5A-E2BAE38C54CB}.Release|Any CPU.ActiveCfg = Release|iPhoneSimulator
		{6038117D-3263-4EDE-BD5A-E2BAE38C54CB}.Release|Any CPU.Build.0 = Release|iPhoneSimulator
		{6038117D-3263-4EDE-BD5A-E2BAE38C54CB}.Release|Any CPU.Deploy.0 = Release|iPhoneSimulator
		{6038117D-3263-4EDE-BD5A-E2BAE38C54CB}.Release|iPhone.ActiveCfg = Release|iPhone
		{6038117D-3263-4EDE-BD5A-E2BAE38C54CB}.Release|iPhone.Build.0 = Release|iPhone
		{6038117D-3263-4EDE-BD5A-E2BAE38C54CB}.Release|iPhone.Deploy.0 = Release|iPhone
		{6038117D-3263-4EDE-BD5A-E2BAE38C54CB}.Release|iPhoneSimulator.ActiveCfg = Release|iPhoneSimulator
		{6038117D-3263-4EDE-BD5A-E2BAE38C54CB}.Release|iPhoneSimulator.Build.0 = Release|iPhoneSimulator
		{6038117D-3263-4EDE-BD5A-E2BAE38C54CB}.Release|iPhoneSimulator.Deploy.0 = Release|iPhoneSimulator
		{DB862097-DEA3-46DF-AC93-669D33E39AFE}.Debug|Any CPU.ActiveCfg = Debug|Any CPU
		{DB862097-DEA3-46DF-AC93-669D33E39AFE}.Debug|Any CPU.Build.0 = Debug|Any CPU
		{DB862097-DEA3-46DF-AC93-669D33E39AFE}.Debug|Any CPU.Deploy.0 = Debug|Any CPU
		{DB862097-DEA3-46DF-AC93-669D33E39AFE}.Debug|iPhone.ActiveCfg = Debug|Any CPU
		{DB862097-DEA3-46DF-AC93-669D33E39AFE}.Debug|iPhone.Build.0 = Debug|Any CPU
		{DB862097-DEA3-46DF-AC93-669D33E39AFE}.Debug|iPhone.Deploy.0 = Debug|Any CPU
		{DB862097-DEA3-46DF-AC93-669D33E39AFE}.Debug|iPhoneSimulator.ActiveCfg = Debug|Any CPU
		{DB862097-DEA3-46DF-AC93-669D33E39AFE}.Debug|iPhoneSimulator.Build.0 = Debug|Any CPU
		{DB862097-DEA3-46DF-AC93-669D33E39AFE}.Debug|iPhoneSimulator.Deploy.0 = Debug|Any CPU
		{DB862097-DEA3-46DF-AC93-669D33E39AFE}.Release|Any CPU.ActiveCfg = Release|Any CPU
		{DB862097-DEA3-46DF-AC93-669D33E39AFE}.Release|Any CPU.Build.0 = Release|Any CPU
		{DB862097-DEA3-46DF-AC93-669D33E39AFE}.Release|Any CPU.Deploy.0 = Release|Any CPU
		{DB862097-DEA3-46DF-AC93-669D33E39AFE}.Release|iPhone.ActiveCfg = Release|Any CPU
		{DB862097-DEA3-46DF-AC93-669D33E39AFE}.Release|iPhone.Build.0 = Release|Any CPU
		{DB862097-DEA3-46DF-AC93-669D33E39AFE}.Release|iPhone.Deploy.0 = Release|Any CPU
		{DB862097-DEA3-46DF-AC93-669D33E39AFE}.Release|iPhoneSimulator.ActiveCfg = Release|Any CPU
		{DB862097-DEA3-46DF-AC93-669D33E39AFE}.Release|iPhoneSimulator.Build.0 = Release|Any CPU
		{DB862097-DEA3-46DF-AC93-669D33E39AFE}.Release|iPhoneSimulator.Deploy.0 = Release|Any CPU
	EndGlobalSection
	GlobalSection(SolutionProperties) = preSolution
		HideSolutionNode = FALSE
	EndGlobalSection
	GlobalSection(ExtensibilityGlobals) = postSolution
		SolutionGuid = {28A32BB5-BA0B-4009-B4DE-9CE20FD22B06}
	EndGlobalSection
EndGlobal
